
Microsoft Visual Studio Solution File, Format Version 12.00
# Visual Studio Version 17
VisualStudioVersion = 17.10.34916.146
MinimumVisualStudioVersion = 10.0.40219.1
Project("{FAE04EC0-301F-11D3-BF4B-00C04F79EFBC}") = "QLSV", "QLSV.csproj", "{1AADE141-3F4F-4A44-9942-AD0F02CB37E8}"
EndProject
Global
	GlobalSection(SolutionConfigurationPlatforms) = preSolution
		Debug|Any CPU = Debug|Any CPU
		Release|Any CPU = Release|Any CPU
	EndGlobalSection
	GlobalSection(ProjectConfigurationPlatforms) = postSolution
		{1AADE141-3F4F-4A44-9942-AD0F02CB37E8}.Debug|Any CPU.ActiveCfg = Debug|Any CPU
		{1AADE141-3F4F-4A44-9942-AD0F02CB37E8}.Debug|Any CPU.Build.0 = Debug|Any CPU
		{1AADE141-3F4F-4A44-9942-AD0F02CB37E8}.Release|Any CPU.ActiveCfg = Release|Any CPU
		{1AADE141-3F4F-4A44-9942-AD0F02CB37E8}.Release|Any CPU.Build.0 = Release|Any CPU
	EndGlobalSection
	GlobalSection(SolutionProperties) = preSolution
		HideSolutionNode = FALSE
	EndGlobalSection
	GlobalSection(ExtensibilityGlobals) = postSolution
		SolutionGuid = {6CA82B2E-CDDB-45D3-B09D-3A4A30BC235F}
	EndGlobalSection
EndGlobal
